
Microsoft Visual Studio Solution File, Format Version 12.00
# Visual Studio Version 17
VisualStudioVersion = 17.7.34031.279
MinimumVisualStudioVersion = 10.0.40219.1
Project("{FAE04EC0-301F-11D3-BF4B-00C04F79EFBC}") = "CachingExample", "CachingExample\CachingExample.csproj", "{6C652FF6-2487-4C82-BB03-0B8255E20F62}"
EndProject
Project("{FAE04EC0-301F-11D3-BF4B-00C04F79EFBC}") = "DataAccess", "DataAccess\DataAccess.csproj", "{08C450EF-B155-40BD-ABF3-EE39EAA43697}"
EndProject
Global
	GlobalSection(SolutionConfigurationPlatforms) = preSolution
		Debug|Any CPU = Debug|Any CPU
		Release|Any CPU = Release|Any CPU
	EndGlobalSection
	GlobalSection(ProjectConfigurationPlatforms) = postSolution
		{6C652FF6-2487-4C82-BB03-0B8255E20F62}.Debug|Any CPU.ActiveCfg = Debug|Any CPU
		{6C652FF6-2487-4C82-BB03-0B8255E20F62}.Debug|Any CPU.Build.0 = Debug|Any CPU
		{6C652FF6-2487-4C82-BB03-0B8255E20F62}.Release|Any CPU.ActiveCfg = Release|Any CPU
		{6C652FF6-2487-4C82-BB03-0B8255E20F62}.Release|Any CPU.Build.0 = Release|Any CPU
		{08C450EF-B155-40BD-ABF3-EE39EAA43697}.Debug|Any CPU.ActiveCfg = Debug|Any CPU
		{08C450EF-B155-40BD-ABF3-EE39EAA43697}.Debug|Any CPU.Build.0 = Debug|Any CPU
		{08C450EF-B155-40BD-ABF3-EE39EAA43697}.Release|Any CPU.ActiveCfg = Release|Any CPU
		{08C450EF-B155-40BD-ABF3-EE39EAA43697}.Release|Any CPU.Build.0 = Release|Any CPU
	EndGlobalSection
	GlobalSection(SolutionProperties) = preSolution
		HideSolutionNode = FALSE
	EndGlobalSection
	GlobalSection(ExtensibilityGlobals) = postSolution
		SolutionGuid = {F0CD8BEC-8FEE-4823-AA29-103F57CFE9A7}
	EndGlobalSection
EndGlobal
